<?xml version="1.0" encoding="UTF-8" standalone="yes" ?>
<CodeBlocks_project_file>
	<FileVersion major="1" minor="6" />
	<Project>
		<Option title="c64_emu" />
		<Option pch_mode="2" />
		<Option compiler="gcc" />
		<Build>
			<Target title="Debug">
				<Option output="bin/Debug/c64_emu" prefix_auto="1" extension_auto="1" />
				<Option object_output="obj/Debug/" />
				<Option type="1" />
				<Option compiler="gcc" />
				<Compiler>
					<Add option="-g" />
				</Compiler>
			</Target>
			<Target title="Release">
				<Option output="bin/Release/c64_emu" prefix_auto="1" extension_auto="1" />
				<Option object_output="obj/Release/" />
				<Option type="1" />
				<Option compiler="gcc" />
				<Compiler>
					<Add option="-O2" />
				</Compiler>
				<Linker>
					<Add option="-s" />
				</Linker>
			</Target>
		</Build>
		<Compiler>
			<Add option="-O3" />
			<Add option="-Wall" />
			<Add option="-std=c++11" />
			<Add option="-fexceptions" />
			<Add directory="D:/src/cpp/lib/SDL2/include/SDL2" />
		</Compiler>
		<Linker>
			<Add option="-lmingw32 -lSDL2main -lSDL2" />
			<Add directory="D:/src/cpp/lib/SDL2/lib" />
		</Linker>
		<Unit filename="cia.h" />
		<Unit filename="common.h" />
		<Unit filename="dbg.cpp" />
		<Unit filename="dbg.h" />
		<Unit filename="host.cpp" />
		<Unit filename="host.h" />
		<Unit filename="io.h" />
		<Unit filename="main.cpp" />
		<Unit filename="nmos6502/nmos6502.cpp" />
		<Unit filename="nmos6502/nmos6502.h" />
		<Unit filename="nmos6502/nmos6502_core.cpp" />
		<Unit filename="nmos6502/nmos6502_core.h" />
		<Unit filename="nmos6502/nmos6502_mc.cpp" />
		<Unit filename="nmos6502/nmos6502_mc.h" />
		<Unit filename="resid/dac.cc" />
		<Unit filename="resid/dac.h" />
		<Unit filename="resid/envelope.cc" />
		<Unit filename="resid/envelope.h" />
		<Unit filename="resid/extfilt.cc" />
		<Unit filename="resid/extfilt.h" />
		<Unit filename="resid/filter.cc" />
		<Unit filename="resid/filter.h" />
		<Unit filename="resid/pot.cc" />
		<Unit filename="resid/pot.h" />
		<Unit filename="resid/resid-config.h" />
		<Unit filename="resid/sid.cc" />
		<Unit filename="resid/sid.h" />
		<Unit filename="resid/siddefs.h" />
		<Unit filename="resid/spline.h" />
		<Unit filename="resid/version.cc" />
		<Unit filename="resid/voice.cc" />
		<Unit filename="resid/voice.h" />
		<Unit filename="resid/wave.cc" />
		<Unit filename="resid/wave.h" />
		<Unit filename="resid/wave6581_PST.h" />
		<Unit filename="resid/wave6581_PS_.h" />
		<Unit filename="resid/wave6581_P_T.h" />
		<Unit filename="resid/wave6581__ST.h" />
		<Unit filename="resid/wave8580_PST.h" />
		<Unit filename="resid/wave8580_PS_.h" />
		<Unit filename="resid/wave8580_P_T.h" />
		<Unit filename="resid/wave8580__ST.h" />
		<Unit filename="sid.h" />
		<Unit filename="system.cpp" />
		<Unit filename="system.h" />
		<Unit filename="test.h" />
		<Unit filename="utils.cpp" />
		<Unit filename="utils.h" />
		<Unit filename="vic_ii.cpp" />
		<Unit filename="vic_ii.h" />
		<Extensions>
			<code_completion />
			<envvars />
			<debugger />
			<lib_finder disable_auto="1" />
		</Extensions>
	</Project>
</CodeBlocks_project_file>
